
Microsoft Visual Studio Solution File, Format Version 12.00
# Visual Studio Version 16
VisualStudioVersion = 16.0.30320.27
MinimumVisualStudioVersion = 10.0.40219.1
Project("{FAE04EC0-301F-11D3-BF4B-00C04F79EFBC}") = "BlazingTour.Server", "Server\BlazingTour.Server.csproj", "{354D1C55-4116-45E0-9EEA-7634C1A01C49}"
EndProject
Project("{FAE04EC0-301F-11D3-BF4B-00C04F79EFBC}") = "BlazingTour.Client", "Client\BlazingTour.Client.csproj", "{5CCA4AFD-3D33-44FE-A0F9-6E27BCB1AE95}"
EndProject
Project("{FAE04EC0-301F-11D3-BF4B-00C04F79EFBC}") = "BlazingTour.Shared", "Shared\BlazingTour.Shared.csproj", "{9DF1234B-FF32-4D89-A46A-AF7B02A137F5}"
EndProject
Global
	GlobalSection(SolutionConfigurationPlatforms) = preSolution
		Debug|Any CPU = Debug|Any CPU
		Release|Any CPU = Release|Any CPU
	EndGlobalSection
	GlobalSection(ProjectConfigurationPlatforms) = postSolution
		{354D1C55-4116-45E0-9EEA-7634C1A01C49}.Debug|Any CPU.ActiveCfg = Debug|Any CPU
		{354D1C55-4116-45E0-9EEA-7634C1A01C49}.Debug|Any CPU.Build.0 = Debug|Any CPU
		{354D1C55-4116-45E0-9EEA-7634C1A01C49}.Release|Any CPU.ActiveCfg = Release|Any CPU
		{354D1C55-4116-45E0-9EEA-7634C1A01C49}.Release|Any CPU.Build.0 = Release|Any CPU
		{5CCA4AFD-3D33-44FE-A0F9-6E27BCB1AE95}.Debug|Any CPU.ActiveCfg = Debug|Any CPU
		{5CCA4AFD-3D33-44FE-A0F9-6E27BCB1AE95}.Debug|Any CPU.Build.0 = Debug|Any CPU
		{5CCA4AFD-3D33-44FE-A0F9-6E27BCB1AE95}.Release|Any CPU.ActiveCfg = Release|Any CPU
		{5CCA4AFD-3D33-44FE-A0F9-6E27BCB1AE95}.Release|Any CPU.Build.0 = Release|Any CPU
		{9DF1234B-FF32-4D89-A46A-AF7B02A137F5}.Debug|Any CPU.ActiveCfg = Debug|Any CPU
		{9DF1234B-FF32-4D89-A46A-AF7B02A137F5}.Debug|Any CPU.Build.0 = Debug|Any CPU
		{9DF1234B-FF32-4D89-A46A-AF7B02A137F5}.Release|Any CPU.ActiveCfg = Release|Any CPU
		{9DF1234B-FF32-4D89-A46A-AF7B02A137F5}.Release|Any CPU.Build.0 = Release|Any CPU
	EndGlobalSection
	GlobalSection(SolutionProperties) = preSolution
		HideSolutionNode = FALSE
	EndGlobalSection
	GlobalSection(ExtensibilityGlobals) = postSolution
		SolutionGuid = {65B649F0-710B-45BB-8A1C-016D52CEC02C}
	EndGlobalSection
EndGlobal
